
Microsoft Visual Studio Solution File, Format Version 12.00
# Visual Studio Version 16
VisualStudioVersion = 16.0.30503.244
MinimumVisualStudioVersion = 10.0.40219.1
Project("{FAE04EC0-301F-11D3-BF4B-00C04F79EFBC}") = "Lista_2_exercícios", "Lista_2_exercícios\Lista_2_exercícios.csproj", "{EEEB96E3-D850-453B-97B1-025BC077C4A7}"
EndProject
Global
	GlobalSection(SolutionConfigurationPlatforms) = preSolution
		Debug|Any CPU = Debug|Any CPU
		Release|Any CPU = Release|Any CPU
	EndGlobalSection
	GlobalSection(ProjectConfigurationPlatforms) = postSolution
		{EEEB96E3-D850-453B-97B1-025BC077C4A7}.Debug|Any CPU.ActiveCfg = Debug|Any CPU
		{EEEB96E3-D850-453B-97B1-025BC077C4A7}.Debug|Any CPU.Build.0 = Debug|Any CPU
		{EEEB96E3-D850-453B-97B1-025BC077C4A7}.Release|Any CPU.ActiveCfg = Release|Any CPU
		{EEEB96E3-D850-453B-97B1-025BC077C4A7}.Release|Any CPU.Build.0 = Release|Any CPU
	EndGlobalSection
	GlobalSection(SolutionProperties) = preSolution
		HideSolutionNode = FALSE
	EndGlobalSection
	GlobalSection(ExtensibilityGlobals) = postSolution
		SolutionGuid = {9CF0AE1D-D89C-40AA-BD49-ECE8FD6E44A4}
	EndGlobalSection
EndGlobal
